
Microsoft Visual Studio Solution File, Format Version 12.00
# Visual Studio Version 16
VisualStudioVersion = 16.0.29326.143
MinimumVisualStudioVersion = 10.0.40219.1
Project("{9A19103F-16F7-4668-BE54-9A1E7A4F7556}") = "EntityFrameworkExercise", "EntityFrameworkExercise\EntityFrameworkExercise.csproj", "{B9EBAE9C-4343-4ADC-B9E2-E0C094D2F773}"
EndProject
Project("{FAE04EC0-301F-11D3-BF4B-00C04F79EFBC}") = "WebApplication1", "WebApplication1\WebApplication1.csproj", "{7A32F89E-6D76-4A56-8C86-701CF712E09D}"
EndProject
Project("{FAE04EC0-301F-11D3-BF4B-00C04F79EFBC}") = "ClassLibrary1", "ClassLibrary1\ClassLibrary1.csproj", "{4EC38F91-546E-440B-93D7-50DDBFE34707}"
EndProject
Global
	GlobalSection(SolutionConfigurationPlatforms) = preSolution
		Debug|Any CPU = Debug|Any CPU
		Release|Any CPU = Release|Any CPU
	EndGlobalSection
	GlobalSection(ProjectConfigurationPlatforms) = postSolution
		{B9EBAE9C-4343-4ADC-B9E2-E0C094D2F773}.Debug|Any CPU.ActiveCfg = Debug|Any CPU
		{B9EBAE9C-4343-4ADC-B9E2-E0C094D2F773}.Debug|Any CPU.Build.0 = Debug|Any CPU
		{B9EBAE9C-4343-4ADC-B9E2-E0C094D2F773}.Release|Any CPU.ActiveCfg = Release|Any CPU
		{B9EBAE9C-4343-4ADC-B9E2-E0C094D2F773}.Release|Any CPU.Build.0 = Release|Any CPU
		{7A32F89E-6D76-4A56-8C86-701CF712E09D}.Debug|Any CPU.ActiveCfg = Debug|Any CPU
		{7A32F89E-6D76-4A56-8C86-701CF712E09D}.Debug|Any CPU.Build.0 = Debug|Any CPU
		{7A32F89E-6D76-4A56-8C86-701CF712E09D}.Release|Any CPU.ActiveCfg = Release|Any CPU
		{7A32F89E-6D76-4A56-8C86-701CF712E09D}.Release|Any CPU.Build.0 = Release|Any CPU
		{4EC38F91-546E-440B-93D7-50DDBFE34707}.Debug|Any CPU.ActiveCfg = Debug|Any CPU
		{4EC38F91-546E-440B-93D7-50DDBFE34707}.Debug|Any CPU.Build.0 = Debug|Any CPU
		{4EC38F91-546E-440B-93D7-50DDBFE34707}.Release|Any CPU.ActiveCfg = Release|Any CPU
		{4EC38F91-546E-440B-93D7-50DDBFE34707}.Release|Any CPU.Build.0 = Release|Any CPU
	EndGlobalSection
	GlobalSection(SolutionProperties) = preSolution
		HideSolutionNode = FALSE
	EndGlobalSection
	GlobalSection(ExtensibilityGlobals) = postSolution
		SolutionGuid = {95FD09A6-CE70-4F64-B6D2-B64DE6032BE4}
	EndGlobalSection
EndGlobal
